
Microsoft Visual Studio Solution File, Format Version 12.00
Project("{FAE04EC0-301F-11D3-BF4B-00C04F79EFBD}") = "CLI.Unity.Trimmer", "CLI.Unity.Trimmer.csproj", "{CCACCC96-9AF6-4048-AE42-7FE602C12EE4}"
EndProject
Project("{FAE04EC0-301F-11D3-BF4B-00C04F79EFBC}") = "AssetsTools.NET", "..\Dependencies\AssetsTools.NET\AssetTools.NET\AssetsTools.NET.csproj", "{98998C85-C405-4F11-A458-538B2C7F4596}"
EndProject
Global
	GlobalSection(SolutionConfigurationPlatforms) = preSolution
		Debug|Any CPU = Debug|Any CPU
		Release|Any CPU = Release|Any CPU
	EndGlobalSection
	GlobalSection(ProjectConfigurationPlatforms) = postSolution
		{CCACCC96-9AF6-4048-AE42-7FE602C12EE4}.Debug|Any CPU.ActiveCfg = Debug|Any CPU
		{CCACCC96-9AF6-4048-AE42-7FE602C12EE4}.Debug|Any CPU.Build.0 = Debug|Any CPU
		{CCACCC96-9AF6-4048-AE42-7FE602C12EE4}.Release|Any CPU.ActiveCfg = Release|Any CPU
		{CCACCC96-9AF6-4048-AE42-7FE602C12EE4}.Release|Any CPU.Build.0 = Release|Any CPU
		{98998C85-C405-4F11-A458-538B2C7F4596}.Debug|Any CPU.ActiveCfg = Debug|Any CPU
		{98998C85-C405-4F11-A458-538B2C7F4596}.Debug|Any CPU.Build.0 = Debug|Any CPU
		{98998C85-C405-4F11-A458-538B2C7F4596}.Release|Any CPU.ActiveCfg = Release|Any CPU
		{98998C85-C405-4F11-A458-538B2C7F4596}.Release|Any CPU.Build.0 = Release|Any CPU
	EndGlobalSection
EndGlobal
